{
  "name": "material-ui",
  "version": "1.0.0",
  "lockfileVersion": 3,
  "requires": true,
  "packages": {
    "": {
      "name": "material-ui",
      "version": "1.0.0",
      "license": "ISC",
      "dependencies": {
        "@mui/material": "^6.0.1"
      }
    },
    "node_modules/@babel/runtime": {
      "version": "7.25.6",
      "resolved": "https://repo.ncsoft.net:443/artifactory/api/npm/npm/@babel/runtime/-/runtime-7.25.6.tgz",
      "integrity": "sha1-mvwyifcYTY1/mLCZiEwmMXuSZNI=",
      "license": "MIT",
      "dependencies": {
        "regenerator-runtime": "^0.14.0"
      },
      "engines": {
        "node": ">=6.9.0"
      }
    },
    "node_modules/@emotion/cache": {
      "version": "11.13.1",
      "resolved": "https://repo.ncsoft.net:443/artifactory/api/npm/npm/@emotion/cache/-/cache-11.13.1.tgz",
      "integrity": "sha1-/s/FTVGBC+6/Bb8qFhJxoakYldc=",
      "license": "MIT",
      "dependencies": {
        "@emotion/memoize": "^0.9.0",
        "@emotion/sheet": "^1.4.0",
        "@emotion/utils": "^1.4.0",
        "@emotion/weak-memoize": "^0.4.0",
        "stylis": "4.2.0"
      }
    },
    "node_modules/@emotion/memoize": {
      "version": "0.9.0",
      "resolved": "https://repo.ncsoft.net:443/artifactory/api/npm/npm/@emotion/memoize/-/memoize-0.9.0.tgz",
      "integrity": "sha1-dFlp1kmXd3a0P8dkjFVqqkYrQQI=",
      "license": "MIT"
    },
    "node_modules/@emotion/sheet": {
      "version": "1.4.0",
      "resolved": "https://repo.ncsoft.net:443/artifactory/api/npm/npm/@emotion/sheet/-/sheet-1.4.0.tgz",
      "integrity": "sha1-ySmcNNJIvCboJWNzX3iVPS78qDw=",
      "license": "MIT"
    },
    "node_modules/@emotion/utils": {
      "version": "1.4.0",
      "resolved": "https://repo.ncsoft.net:443/artifactory/api/npm/npm/@emotion/utils/-/utils-1.4.0.tgz",
      "integrity": "sha1-Ji8dAqrtsuyRyDoJVd1HgirV+90=",
      "license": "MIT"
    },
    "node_modules/@emotion/weak-memoize": {
      "version": "0.4.0",
      "resolved": "https://repo.ncsoft.net:443/artifactory/api/npm/npm/@emotion/weak-memoize/-/weak-memoize-0.4.0.tgz",
      "integrity": "sha1-XhP6yIfwjET3awzK8zcOsA/sm7Y=",
      "license": "MIT"
    },
    "node_modules/@mui/core-downloads-tracker": {
      "version": "6.0.1",
      "resolved": "https://repo.ncsoft.net:443/artifactory/api/npm/npm/@mui/core-downloads-tracker/-/core-downloads-tracker-6.0.1.tgz",
      "integrity": "sha1-Ssv5nY43HV2Dau08gW1+PiU5SqU=",
      "license": "MIT",
      "funding": {
        "type": "opencollective",
        "url": "https://opencollective.com/mui-org"
      }
    },
    "node_modules/@mui/material": {
      "version": "6.0.1",
      "resolved": "https://repo.ncsoft.net:443/artifactory/api/npm/npm/@mui/material/-/material-6.0.1.tgz",
      "integrity": "sha1-SsgMt47jmiN/rjsSd1/GNO1ojYQ=",
      "license": "MIT",
      "dependencies": {
        "@babel/runtime": "^7.25.0",
        "@mui/core-downloads-tracker": "^6.0.1",
        "@mui/system": "^6.0.1",
        "@mui/types": "^7.2.16",
        "@mui/utils": "^6.0.1",
        "@popperjs/core": "^2.11.8",
        "@types/react-transition-group": "^4.4.11",
        "clsx": "^2.1.1",
        "csstype": "^3.1.3",
        "prop-types": "^15.8.1",
        "react-is": "^18.3.1",
        "react-transition-group": "^4.4.5"
      },
      "engines": {
        "node": ">=14.0.0"
      },
      "funding": {
        "type": "opencollective",
        "url": "https://opencollective.com/mui-org"
      },
      "peerDependencies": {
        "@emotion/react": "^11.5.0",
        "@emotion/styled": "^11.3.0",
        "@mui/material-pigment-css": "^6.0.1",
        "@types/react": "^17.0.0 || ^18.0.0 || ^19.0.0",
        "react": "^17.0.0 || ^18.0.0 || ^19.0.0",
        "react-dom": "^17.0.0 || ^18.0.0 || ^19.0.0"
      },
      "peerDependenciesMeta": {
        "@emotion/react": {
          "optional": true
        },
        "@emotion/styled": {
          "optional": true
        },
        "@mui/material-pigment-css": {
          "optional": true
        },
        "@types/react": {
          "optional": true
        }
      }
    },
    "node_modules/@mui/private-theming": {
      "version": "6.0.1",
      "resolved": "https://repo.ncsoft.net:443/artifactory/api/npm/npm/@mui/private-theming/-/private-theming-6.0.1.tgz",
      "integrity": "sha1-6qGBQDYVGpqjDPRIDKznV5jsmDk=",
      "license": "MIT",
      "dependencies": {
        "@babel/runtime": "^7.25.0",
        "@mui/utils": "^6.0.1",
        "prop-types": "^15.8.1"
      },
      "engines": {
        "node": ">=14.0.0"
      },
      "funding": {
        "type": "opencollective",
        "url": "https://opencollective.com/mui-org"
      },
      "peerDependencies": {
        "@types/react": "^17.0.0 || ^18.0.0 || ^19.0.0",
        "react": "^17.0.0 || ^18.0.0 || ^19.0.0"
      },
      "peerDependenciesMeta": {
        "@types/react": {
          "optional": true
        }
      }
    },
    "node_modules/@mui/styled-engine": {
      "version": "6.0.1",
      "resolved": "https://repo.ncsoft.net:443/artifactory/api/npm/npm/@mui/styled-engine/-/styled-engine-6.0.1.tgz",
      "integrity": "sha1-lBNUejt/U/uDMJTswxwjlh1oNp4=",
      "license": "MIT",
      "dependencies": {
        "@babel/runtime": "^7.25.0",
        "@emotion/cache": "^11.13.1",
        "csstype": "^3.1.3",
        "prop-types": "^15.8.1"
      },
      "engines": {
        "node": ">=14.0.0"
      },
      "funding": {
        "type": "opencollective",
        "url": "https://opencollective.com/mui-org"
      },
      "peerDependencies": {
        "@emotion/react": "^11.4.1",
        "@emotion/styled": "^11.3.0",
        "react": "^17.0.0 || ^18.0.0 || ^19.0.0"
      },
      "peerDependenciesMeta": {
        "@emotion/react": {
          "optional": true
        },
        "@emotion/styled": {
          "optional": true
        }
      }
    },
    "node_modules/@mui/system": {
      "version": "6.0.1",
      "resolved": "https://repo.ncsoft.net:443/artifactory/api/npm/npm/@mui/system/-/system-6.0.1.tgz",
      "integrity": "sha1-moqouIuxZ+Qb2iZyBv+VaQBcUXM=",
      "license": "MIT",
      "dependencies": {
        "@babel/runtime": "^7.25.0",
        "@mui/private-theming": "^6.0.1",
        "@mui/styled-engine": "^6.0.1",
        "@mui/types": "^7.2.16",
        "@mui/utils": "^6.0.1",
        "clsx": "^2.1.1",
        "csstype": "^3.1.3",
        "prop-types": "^15.8.1"
      },
      "engines": {
        "node": ">=14.0.0"
      },
      "funding": {
        "type": "opencollective",
        "url": "https://opencollective.com/mui-org"
      },
      "peerDependencies": {
        "@emotion/react": "^11.5.0",
        "@emotion/styled": "^11.3.0",
        "@types/react": "^17.0.0 || ^18.0.0 || ^19.0.0",
        "react": "^17.0.0 || ^18.0.0 || ^19.0.0"
      },
      "peerDependenciesMeta": {
        "@emotion/react": {
          "optional": true
        },
        "@emotion/styled": {
          "optional": true
        },
        "@types/react": {
          "optional": true
        }
      }
    },
    "node_modules/@mui/types": {
      "version": "7.2.16",
      "resolved": "https://repo.ncsoft.net:443/artifactory/api/npm/npm/@mui/types/-/types-7.2.16.tgz",
      "integrity": "sha1-ZnEMaRtRzU/KlTIhAM107CMM/jA=",
      "license": "MIT",
      "peerDependencies": {
        "@types/react": "^17.0.0 || ^18.0.0 || ^19.0.0"
      },
      "peerDependenciesMeta": {
        "@types/react": {
          "optional": true
        }
      }
    },
    "node_modules/@mui/utils": {
      "version": "6.0.1",
      "resolved": "https://repo.ncsoft.net:443/artifactory/api/npm/npm/@mui/utils/-/utils-6.0.1.tgz",
      "integrity": "sha1-ef0stWhY4wF/1ZJNptPmC8Cknhk=",
      "license": "MIT",
      "dependencies": {
        "@babel/runtime": "^7.25.0",
        "@mui/types": "^7.2.16",
        "@types/prop-types": "^15.7.12",
        "clsx": "^2.1.1",
        "prop-types": "^15.8.1",
        "react-is": "^18.3.1"
      },
      "engines": {
        "node": ">=14.0.0"
      },
      "funding": {
        "type": "opencollective",
        "url": "https://opencollective.com/mui-org"
      },
      "peerDependencies": {
        "@types/react": "^17.0.0 || ^18.0.0 || ^19.0.0",
        "react": "^17.0.0 || ^18.0.0 || ^19.0.0"
      },
      "peerDependenciesMeta": {
        "@types/react": {
          "optional": true
        }
      }
    },
    "node_modules/@popperjs/core": {
      "version": "2.11.8",
      "resolved": "https://repo.ncsoft.net:443/artifactory/api/npm/npm/@popperjs/core/-/core-2.11.8.tgz",
      "integrity": "sha1-a3kDLnYKCJnNQgRxC+7elyo6GF8=",
      "license": "MIT",
      "funding": {
        "type": "opencollective",
        "url": "https://opencollective.com/popperjs"
      }
    },
    "node_modules/@types/prop-types": {
      "version": "15.7.12",
      "resolved": "https://repo.ncsoft.net:443/artifactory/api/npm/npm/@types/prop-types/-/prop-types-15.7.12.tgz",
      "integrity": "sha1-ErseK+Jyk8FAastq8cPzoUgdmMY=",
      "license": "MIT"
    },
    "node_modules/@types/react": {
      "version": "18.3.5",
      "resolved": "https://repo.ncsoft.net:443/artifactory/api/npm/npm/@types/react/-/react-18.3.5.tgz",
      "integrity": "sha1-X1JMKtIInA/zcrvavHfKLE26348=",
      "license": "MIT",
      "dependencies": {
        "@types/prop-types": "*",
        "csstype": "^3.0.2"
      }
    },
    "node_modules/@types/react-transition-group": {
      "version": "4.4.11",
      "resolved": "https://repo.ncsoft.net:443/artifactory/api/npm/npm/@types/react-transition-group/-/react-transition-group-4.4.11.tgz",
      "integrity": "sha1-2WMlOmEddX3gHrskEUOxAX1dY9U=",
      "license": "MIT",
      "dependencies": {
        "@types/react": "*"
      }
    },
    "node_modules/clsx": {
      "version": "2.1.1",
      "resolved": "https://repo.ncsoft.net:443/artifactory/api/npm/npm/clsx/-/clsx-2.1.1.tgz",
      "integrity": "sha1-7tOXyf2L2IK/sY3qtxAgSaLzKZk=",
      "license": "MIT",
      "engines": {
        "node": ">=6"
      }
    },
    "node_modules/csstype": {
      "version": "3.1.3",
      "resolved": "https://repo.ncsoft.net:443/artifactory/api/npm/npm/csstype/-/csstype-3.1.3.tgz",
      "integrity": "sha1-2A/ylNEU+w5qxQD7+FtgE31+/4E=",
      "license": "MIT"
    },
    "node_modules/dom-helpers": {
      "version": "5.2.1",
      "resolved": "https://repo.ncsoft.net:443/artifactory/api/npm/npm/dom-helpers/-/dom-helpers-5.2.1.tgz",
      "integrity": "sha1-2UAFNrK/giWtmP4FLgKUUaxA6QI=",
      "license": "MIT",
      "dependencies": {
        "@babel/runtime": "^7.8.7",
        "csstype": "^3.0.2"
      }
    },
    "node_modules/js-tokens": {
      "version": "4.0.0",
      "resolved": "https://repo.ncsoft.net:443/artifactory/api/npm/npm/js-tokens/-/js-tokens-4.0.0.tgz",
      "integrity": "sha1-GSA/tZmR35jjoocFDUZHzerzJJk=",
      "license": "MIT"
    },
    "node_modules/loose-envify": {
      "version": "1.4.0",
      "resolved": "https://repo.ncsoft.net:443/artifactory/api/npm/npm/loose-envify/-/loose-envify-1.4.0.tgz",
      "integrity": "sha1-ce5R+nvkyuwaY4OffmgtgTLTDK8=",
      "license": "MIT",
      "dependencies": {
        "js-tokens": "^3.0.0 || ^4.0.0"
      },
      "bin": {
        "loose-envify": "cli.js"
      }
    },
    "node_modules/object-assign": {
      "version": "4.1.1",
      "resolved": "https://repo.ncsoft.net:443/artifactory/api/npm/npm/object-assign/-/object-assign-4.1.1.tgz",
      "integrity": "sha1-IQmtx5ZYh8/AXLvUQsrIv7s2CGM=",
      "license": "MIT",
      "engines": {
        "node": ">=0.10.0"
      }
    },
    "node_modules/prop-types": {
      "version": "15.8.1",
      "resolved": "https://repo.ncsoft.net:443/artifactory/api/npm/npm/prop-types/-/prop-types-15.8.1.tgz",
      "integrity": "sha1-Z9h78aaU9IQ1zzMsJK8QIUoxQLU=",
      "license": "MIT",
      "dependencies": {
        "loose-envify": "^1.4.0",
        "object-assign": "^4.1.1",
        "react-is": "^16.13.1"
      }
    },
    "node_modules/prop-types/node_modules/react-is": {
      "version": "16.13.1",
      "resolved": "https://repo.ncsoft.net:443/artifactory/api/npm/npm/react-is/-/react-is-16.13.1.tgz",
      "integrity": "sha1-eJcppNw23imZ3BVt1sHZwYzqVqQ=",
      "license": "MIT"
    },
    "node_modules/react": {
      "version": "18.3.1",
      "resolved": "https://repo.ncsoft.net:443/artifactory/api/npm/npm/react/-/react-18.3.1.tgz",
      "integrity": "sha1-SauJIAnFOTNiW9FrJTP8dUyrKJE=",
      "license": "MIT",
      "peer": true,
      "dependencies": {
        "loose-envify": "^1.1.0"
      },
      "engines": {
        "node": ">=0.10.0"
      }
    },
    "node_modules/react-dom": {
      "version": "18.3.1",
      "resolved": "https://repo.ncsoft.net:443/artifactory/api/npm/npm/react-dom/-/react-dom-18.3.1.tgz",
      "integrity": "sha1-wiZdeVEbV9R5s90/36UVNklMXLQ=",
      "license": "MIT",
      "peer": true,
      "dependencies": {
        "loose-envify": "^1.1.0",
        "scheduler": "^0.23.2"
      },
      "peerDependencies": {
        "react": "^18.3.1"
      }
    },
    "node_modules/react-is": {
      "version": "18.3.1",
      "resolved": "https://repo.ncsoft.net:443/artifactory/api/npm/npm/react-is/-/react-is-18.3.1.tgz",
      "integrity": "sha1-6DVX3BLq5jqZ4AOkY4ix3LtE234=",
      "license": "MIT"
    },
    "node_modules/react-transition-group": {
      "version": "4.4.5",
      "resolved": "https://repo.ncsoft.net:443/artifactory/api/npm/npm/react-transition-group/-/react-transition-group-4.4.5.tgz",
      "integrity": "sha1-5T1OPzNE2oUhSJ+++PJYHUK+zdE=",
      "license": "BSD-3-Clause",
      "dependencies": {
        "@babel/runtime": "^7.5.5",
        "dom-helpers": "^5.0.1",
        "loose-envify": "^1.4.0",
        "prop-types": "^15.6.2"
      },
      "peerDependencies": {
        "react": ">=16.6.0",
        "react-dom": ">=16.6.0"
      }
    },
    "node_modules/regenerator-runtime": {
      "version": "0.14.1",
      "resolved": "https://repo.ncsoft.net:443/artifactory/api/npm/npm/regenerator-runtime/-/regenerator-runtime-0.14.1.tgz",
      "integrity": "sha1-NWreECY/aF3aElEAzYYsHbiVMn8=",
      "license": "MIT"
    },
    "node_modules/scheduler": {
      "version": "0.23.2",
      "resolved": "https://repo.ncsoft.net:443/artifactory/api/npm/npm/scheduler/-/scheduler-0.23.2.tgz",
      "integrity": "sha1-QUumSjsoKJLpRM8hCOzAeNEVzcM=",
      "license": "MIT",
      "peer": true,
      "dependencies": {
        "loose-envify": "^1.1.0"
      }
    },
    "node_modules/stylis": {
      "version": "4.2.0",
      "resolved": "https://repo.ncsoft.net:443/artifactory/api/npm/npm/stylis/-/stylis-4.2.0.tgz",
      "integrity": "sha1-edruAgiWTI/mlaQvz/ysYzohGlE=",
      "license": "MIT"
    }
  }
}
