{
  "name": "esbuild",
  "version": "1.0.0",
  "lockfileVersion": 3,
  "requires": true,
  "packages": {
    "": {
      "name": "esbuild",
      "version": "1.0.0",
      "license": "ISC",
      "devDependencies": {
        "esbuild": "^0.23.0"
      }
    },
    "node_modules/@esbuild/aix-ppc64": {
      "version": "0.23.0",
      "resolved": "https://repo.ncsoft.net:443/artifactory/api/npm/npm/@esbuild/aix-ppc64/-/aix-ppc64-0.23.0.tgz",
      "integrity": "sha1-FFt01eSlIjSJyr3CONja2QLfUlk=",
      "cpu": [
        "ppc64"
      ],
      "dev": true,
      "license": "MIT",
      "optional": true,
      "os": [
        "aix"
      ],
      "engines": {
        "node": ">=18"
      }
    },
    "node_modules/@esbuild/android-arm": {
      "version": "0.23.0",
      "resolved": "https://repo.ncsoft.net:443/artifactory/api/npm/npm/@esbuild/android-arm/-/android-arm-0.23.0.tgz",
      "integrity": "sha1-JsgGhTqkpPfmg+UZzZ1o4gHrz5k=",
      "cpu": [
        "arm"
      ],
      "dev": true,
      "license": "MIT",
      "optional": true,
      "os": [
        "android"
      ],
      "engines": {
        "node": ">=18"
      }
    },
    "node_modules/@esbuild/android-arm64": {
      "version": "0.23.0",
      "resolved": "https://repo.ncsoft.net:443/artifactory/api/npm/npm/@esbuild/android-arm64/-/android-arm64-0.23.0.tgz",
      "integrity": "sha1-RTu+B5/I02TUxVRQaegmAihVmDI=",
      "cpu": [
        "arm64"
      ],
      "dev": true,
      "license": "MIT",
      "optional": true,
      "os": [
        "android"
      ],
      "engines": {
        "node": ">=18"
      }
    },
    "node_modules/@esbuild/android-x64": {
      "version": "0.23.0",
      "resolved": "https://repo.ncsoft.net:443/artifactory/api/npm/npm/@esbuild/android-x64/-/android-x64-0.23.0.tgz",
      "integrity": "sha1-HlGvmmrB9xQ3affuWN9bJ07SAuY=",
      "cpu": [
        "x64"
      ],
      "dev": true,
      "license": "MIT",
      "optional": true,
      "os": [
        "android"
      ],
      "engines": {
        "node": ">=18"
      }
    },
    "node_modules/@esbuild/darwin-arm64": {
      "version": "0.23.0",
      "resolved": "https://repo.ncsoft.net:443/artifactory/api/npm/npm/@esbuild/darwin-arm64/-/darwin-arm64-0.23.0.tgz",
      "integrity": "sha1-2ZYYemBslTQXPr14xYCYpE3X754=",
      "cpu": [
        "arm64"
      ],
      "dev": true,
      "license": "MIT",
      "optional": true,
      "os": [
        "darwin"
      ],
      "engines": {
        "node": ">=18"
      }
    },
    "node_modules/@esbuild/darwin-x64": {
      "version": "0.23.0",
      "resolved": "https://repo.ncsoft.net:443/artifactory/api/npm/npm/@esbuild/darwin-x64/-/darwin-x64-0.23.0.tgz",
      "integrity": "sha1-MMjyin704y/kZQFDTr5rCRLp6Gw=",
      "cpu": [
        "x64"
      ],
      "dev": true,
      "license": "MIT",
      "optional": true,
      "os": [
        "darwin"
      ],
      "engines": {
        "node": ">=18"
      }
    },
    "node_modules/@esbuild/freebsd-arm64": {
      "version": "0.23.0",
      "resolved": "https://repo.ncsoft.net:443/artifactory/api/npm/npm/@esbuild/freebsd-arm64/-/freebsd-arm64-0.23.0.tgz",
      "integrity": "sha1-MPT87IFnwIpuivn8FLZhUiMuf7Q=",
      "cpu": [
        "arm64"
      ],
      "dev": true,
      "license": "MIT",
      "optional": true,
      "os": [
        "freebsd"
      ],
      "engines": {
        "node": ">=18"
      }
    },
    "node_modules/@esbuild/freebsd-x64": {
      "version": "0.23.0",
      "resolved": "https://repo.ncsoft.net:443/artifactory/api/npm/npm/@esbuild/freebsd-x64/-/freebsd-x64-0.23.0.tgz",
      "integrity": "sha1-EAOmZo/h9dRDnmgT5bCakpgbx50=",
      "cpu": [
        "x64"
      ],
      "dev": true,
      "license": "MIT",
      "optional": true,
      "os": [
        "freebsd"
      ],
      "engines": {
        "node": ">=18"
      }
    },
    "node_modules/@esbuild/linux-arm": {
      "version": "0.23.0",
      "resolved": "https://repo.ncsoft.net:443/artifactory/api/npm/npm/@esbuild/linux-arm/-/linux-arm-0.23.0.tgz",
      "integrity": "sha1-I3qFSOPaLEjNea4zmliPA9GImq0=",
      "cpu": [
        "arm"
      ],
      "dev": true,
      "license": "MIT",
      "optional": true,
      "os": [
        "linux"
      ],
      "engines": {
        "node": ">=18"
      }
    },
    "node_modules/@esbuild/linux-arm64": {
      "version": "0.23.0",
      "resolved": "https://repo.ncsoft.net:443/artifactory/api/npm/npm/@esbuild/linux-arm64/-/linux-arm64-0.23.0.tgz",
      "integrity": "sha1-O5pWq/sUELtskTh5DwYlh98+bjo=",
      "cpu": [
        "arm64"
      ],
      "dev": true,
      "license": "MIT",
      "optional": true,
      "os": [
        "linux"
      ],
      "engines": {
        "node": ">=18"
      }
    },
    "node_modules/@esbuild/linux-ia32": {
      "version": "0.23.0",
      "resolved": "https://repo.ncsoft.net:443/artifactory/api/npm/npm/@esbuild/linux-ia32/-/linux-ia32-0.23.0.tgz",
      "integrity": "sha1-QmnNGcst5d4Dp8z8iFXd49KEojg=",
      "cpu": [
        "ia32"
      ],
      "dev": true,
      "license": "MIT",
      "optional": true,
      "os": [
        "linux"
      ],
      "engines": {
        "node": ">=18"
      }
    },
    "node_modules/@esbuild/linux-loong64": {
      "version": "0.23.0",
      "resolved": "https://repo.ncsoft.net:443/artifactory/api/npm/npm/@esbuild/linux-loong64/-/linux-loong64-0.23.0.tgz",
      "integrity": "sha1-grVo9WWKUlgIJ8yJHLadLLT4YoA=",
      "cpu": [
        "loong64"
      ],
      "dev": true,
      "license": "MIT",
      "optional": true,
      "os": [
        "linux"
      ],
      "engines": {
        "node": ">=18"
      }
    },
    "node_modules/@esbuild/linux-mips64el": {
      "version": "0.23.0",
      "resolved": "https://repo.ncsoft.net:443/artifactory/api/npm/npm/@esbuild/linux-mips64el/-/linux-mips64el-0.23.0.tgz",
      "integrity": "sha1-mlc4bJJiYq6YYckppgI+2dQ/c+U=",
      "cpu": [
        "mips64el"
      ],
      "dev": true,
      "license": "MIT",
      "optional": true,
      "os": [
        "linux"
      ],
      "engines": {
        "node": ">=18"
      }
    },
    "node_modules/@esbuild/linux-ppc64": {
      "version": "0.23.0",
      "resolved": "https://repo.ncsoft.net:443/artifactory/api/npm/npm/@esbuild/linux-ppc64/-/linux-ppc64-0.23.0.tgz",
      "integrity": "sha1-86ef1ja6DIIoXSJ+sg7Y4xtERPY=",
      "cpu": [
        "ppc64"
      ],
      "dev": true,
      "license": "MIT",
      "optional": true,
      "os": [
        "linux"
      ],
      "engines": {
        "node": ">=18"
      }
    },
    "node_modules/@esbuild/linux-riscv64": {
      "version": "0.23.0",
      "resolved": "https://repo.ncsoft.net:443/artifactory/api/npm/npm/@esbuild/linux-riscv64/-/linux-riscv64-0.23.0.tgz",
      "integrity": "sha1-+dLvg1bObOFA92ApaAVYEmt0x4A=",
      "cpu": [
        "riscv64"
      ],
      "dev": true,
      "license": "MIT",
      "optional": true,
      "os": [
        "linux"
      ],
      "engines": {
        "node": ">=18"
      }
    },
    "node_modules/@esbuild/linux-s390x": {
      "version": "0.23.0",
      "resolved": "https://repo.ncsoft.net:443/artifactory/api/npm/npm/@esbuild/linux-s390x/-/linux-s390x-0.23.0.tgz",
      "integrity": "sha1-RTkPEugCIB84oCKeIWpq7UNR3+g=",
      "cpu": [
        "s390x"
      ],
      "dev": true,
      "license": "MIT",
      "optional": true,
      "os": [
        "linux"
      ],
      "engines": {
        "node": ">=18"
      }
    },
    "node_modules/@esbuild/linux-x64": {
      "version": "0.23.0",
      "resolved": "https://repo.ncsoft.net:443/artifactory/api/npm/npm/@esbuild/linux-x64/-/linux-x64-0.23.0.tgz",
      "integrity": "sha1-yECXYZluP22ymrz5sFvujX2A6RA=",
      "cpu": [
        "x64"
      ],
      "dev": true,
      "license": "MIT",
      "optional": true,
      "os": [
        "linux"
      ],
      "engines": {
        "node": ">=18"
      }
    },
    "node_modules/@esbuild/netbsd-x64": {
      "version": "0.23.0",
      "resolved": "https://repo.ncsoft.net:443/artifactory/api/npm/npm/@esbuild/netbsd-x64/-/netbsd-x64-0.23.0.tgz",
      "integrity": "sha1-unDbARQ4DV9s+5AD8dN4zpic1lw=",
      "cpu": [
        "x64"
      ],
      "dev": true,
      "license": "MIT",
      "optional": true,
      "os": [
        "netbsd"
      ],
      "engines": {
        "node": ">=18"
      }
    },
    "node_modules/@esbuild/openbsd-arm64": {
      "version": "0.23.0",
      "resolved": "https://repo.ncsoft.net:443/artifactory/api/npm/npm/@esbuild/openbsd-arm64/-/openbsd-arm64-0.23.0.tgz",
      "integrity": "sha1-cvxV8LGJ96iC488j8zI3DWnf1ds=",
      "cpu": [
        "arm64"
      ],
      "dev": true,
      "license": "MIT",
      "optional": true,
      "os": [
        "openbsd"
      ],
      "engines": {
        "node": ">=18"
      }
    },
    "node_modules/@esbuild/openbsd-x64": {
      "version": "0.23.0",
      "resolved": "https://repo.ncsoft.net:443/artifactory/api/npm/npm/@esbuild/openbsd-x64/-/openbsd-x64-0.23.0.tgz",
      "integrity": "sha1-tq56CRHBj+MNo9sdbRekl6VQ5dg=",
      "cpu": [
        "x64"
      ],
      "dev": true,
      "license": "MIT",
      "optional": true,
      "os": [
        "openbsd"
      ],
      "engines": {
        "node": ">=18"
      }
    },
    "node_modules/@esbuild/sunos-x64": {
      "version": "0.23.0",
      "resolved": "https://repo.ncsoft.net:443/artifactory/api/npm/npm/@esbuild/sunos-x64/-/sunos-x64-0.23.0.tgz",
      "integrity": "sha1-WPDV5VubIaCGv6+qKfYqPrNHCtg=",
      "cpu": [
        "x64"
      ],
      "dev": true,
      "license": "MIT",
      "optional": true,
      "os": [
        "sunos"
      ],
      "engines": {
        "node": ">=18"
      }
    },
    "node_modules/@esbuild/win32-arm64": {
      "version": "0.23.0",
      "resolved": "https://repo.ncsoft.net:443/artifactory/api/npm/npm/@esbuild/win32-arm64/-/win32-arm64-0.23.0.tgz",
      "integrity": "sha1-uFiyQy7frWLpRdXHyeXd0PUoym0=",
      "cpu": [
        "arm64"
      ],
      "dev": true,
      "license": "MIT",
      "optional": true,
      "os": [
        "win32"
      ],
      "engines": {
        "node": ">=18"
      }
    },
    "node_modules/@esbuild/win32-ia32": {
      "version": "0.23.0",
      "resolved": "https://repo.ncsoft.net:443/artifactory/api/npm/npm/@esbuild/win32-ia32/-/win32-ia32-0.23.0.tgz",
      "integrity": "sha1-Fn72yiKkdsbAwBSli09DrkuA3sc=",
      "cpu": [
        "ia32"
      ],
      "dev": true,
      "license": "MIT",
      "optional": true,
      "os": [
        "win32"
      ],
      "engines": {
        "node": ">=18"
      }
    },
    "node_modules/@esbuild/win32-x64": {
      "version": "0.23.0",
      "resolved": "https://repo.ncsoft.net:443/artifactory/api/npm/npm/@esbuild/win32-x64/-/win32-x64-0.23.0.tgz",
      "integrity": "sha1-20SmoIUgtfJbvkCfNKWfLUvMfO0=",
      "cpu": [
        "x64"
      ],
      "dev": true,
      "license": "MIT",
      "optional": true,
      "os": [
        "win32"
      ],
      "engines": {
        "node": ">=18"
      }
    },
    "node_modules/esbuild": {
      "version": "0.23.0",
      "resolved": "https://repo.ncsoft.net:443/artifactory/api/npm/npm/esbuild/-/esbuild-0.23.0.tgz",
      "integrity": "sha1-3gYALUhCTZ/bfrUtvo6Vkn+FJZk=",
      "dev": true,
      "hasInstallScript": true,
      "license": "MIT",
      "bin": {
        "esbuild": "bin/esbuild"
      },
      "engines": {
        "node": ">=18"
      },
      "optionalDependencies": {
        "@esbuild/aix-ppc64": "0.23.0",
        "@esbuild/android-arm": "0.23.0",
        "@esbuild/android-arm64": "0.23.0",
        "@esbuild/android-x64": "0.23.0",
        "@esbuild/darwin-arm64": "0.23.0",
        "@esbuild/darwin-x64": "0.23.0",
        "@esbuild/freebsd-arm64": "0.23.0",
        "@esbuild/freebsd-x64": "0.23.0",
        "@esbuild/linux-arm": "0.23.0",
        "@esbuild/linux-arm64": "0.23.0",
        "@esbuild/linux-ia32": "0.23.0",
        "@esbuild/linux-loong64": "0.23.0",
        "@esbuild/linux-mips64el": "0.23.0",
        "@esbuild/linux-ppc64": "0.23.0",
        "@esbuild/linux-riscv64": "0.23.0",
        "@esbuild/linux-s390x": "0.23.0",
        "@esbuild/linux-x64": "0.23.0",
        "@esbuild/netbsd-x64": "0.23.0",
        "@esbuild/openbsd-arm64": "0.23.0",
        "@esbuild/openbsd-x64": "0.23.0",
        "@esbuild/sunos-x64": "0.23.0",
        "@esbuild/win32-arm64": "0.23.0",
        "@esbuild/win32-ia32": "0.23.0",
        "@esbuild/win32-x64": "0.23.0"
      }
    }
  }
}
